// !$*UTF8*$!
{
	archiveVersion = 1;
	classes = {
	};
	objectVersion = 55;
	objects = {

/* Begin PBXBuildFile section */
		823A2CF62892B44900A51DF2 /* APIManager.swift in Sources */ = {isa = PBXBuildFile; fileRef = 823A2CF52892B44900A51DF2 /* APIManager.swift */; };
		823A2CF92892B76200A51DF2 /* DatosPokemon.swift in Sources */ = {isa = PBXBuildFile; fileRef = 823A2CF82892B76200A51DF2 /* DatosPokemon.swift */; };
		823A2D012892CA8B00A51DF2 /* CeldaPokemonTableViewCell.swift in Sources */ = {isa = PBXBuildFile; fileRef = 823A2CFF2892CA8B00A51DF2 /* CeldaPokemonTableViewCell.swift */; };
		823A2D022892CA8B00A51DF2 /* CeldaPokemonTableViewCell.xib in Resources */ = {isa = PBXBuildFile; fileRef = 823A2D002892CA8B00A51DF2 /* CeldaPokemonTableViewCell.xib */; };
		8264CBFA2891E2A400619938 /* AppDelegate.swift in Sources */ = {isa = PBXBuildFile; fileRef = 8264CBF92891E2A400619938 /* AppDelegate.swift */; };
		8264CBFC2891E2A400619938 /* SceneDelegate.swift in Sources */ = {isa = PBXBuildFile; fileRef = 8264CBFB2891E2A400619938 /* SceneDelegate.swift */; };
		8264CBFE2891E2A400619938 /* ListPokemonViewController.swift in Sources */ = {isa = PBXBuildFile; fileRef = 8264CBFD2891E2A400619938 /* ListPokemonViewController.swift */; };
		8264CC012891E2A400619938 /* Main.storyboard in Resources */ = {isa = PBXBuildFile; fileRef = 8264CBFF2891E2A400619938 /* Main.storyboard */; };
		8264CC032891E2A800619938 /* Assets.xcassets in Resources */ = {isa = PBXBuildFile; fileRef = 8264CC022891E2A800619938 /* Assets.xcassets */; };
		8264CC062891E2A800619938 /* LaunchScreen.storyboard in Resources */ = {isa = PBXBuildFile; fileRef = 8264CC042891E2A800619938 /* LaunchScreen.storyboard */; };
		8264CC0F2891E7CF00619938 /* UITableView+Extension.swift in Sources */ = {isa = PBXBuildFile; fileRef = 8264CC0E2891E7CF00619938 /* UITableView+Extension.swift */; };
		82818B9E28940C60004F6137 /* DetallesPokemonViewController.swift in Sources */ = {isa = PBXBuildFile; fileRef = 82818B9C28940C5F004F6137 /* DetallesPokemonViewController.swift */; };
		82818B9F28940C60004F6137 /* DetallesPokemonViewController.xib in Resources */ = {isa = PBXBuildFile; fileRef = 82818B9D28940C5F004F6137 /* DetallesPokemonViewController.xib */; };
		82818BA12894277D004F6137 /* searchBar+Extension.swift in Sources */ = {isa = PBXBuildFile; fileRef = 82818BA02894277D004F6137 /* searchBar+Extension.swift */; };
/* End PBXBuildFile section */

/* Begin PBXFileReference section */
		823A2CF52892B44900A51DF2 /* APIManager.swift */ = {isa = PBXFileReference; lastKnownFileType = sourcecode.swift; path = APIManager.swift; sourceTree = "<group>"; };
		823A2CF82892B76200A51DF2 /* DatosPokemon.swift */ = {isa = PBXFileReference; lastKnownFileType = sourcecode.swift; path = DatosPokemon.swift; sourceTree = "<group>"; };
		823A2CFF2892CA8B00A51DF2 /* CeldaPokemonTableViewCell.swift */ = {isa = PBXFileReference; lastKnownFileType = sourcecode.swift; path = CeldaPokemonTableViewCell.swift; sourceTree = "<group>"; };
		823A2D002892CA8B00A51DF2 /* CeldaPokemonTableViewCell.xib */ = {isa = PBXFileReference; lastKnownFileType = file.xib; path = CeldaPokemonTableViewCell.xib; sourceTree = "<group>"; };
		8264CBF62891E2A400619938 /* Pokedex.app */ = {isa = PBXFileReference; explicitFileType = wrapper.application; includeInIndex = 0; path = Pokedex.app; sourceTree = BUILT_PRODUCTS_DIR; };
		8264CBF92891E2A400619938 /* AppDelegate.swift */ = {isa = PBXFileReference; lastKnownFileType = sourcecode.swift; path = AppDelegate.swift; sourceTree = "<group>"; };
		8264CBFB2891E2A400619938 /* SceneDelegate.swift */ = {isa = PBXFileReference; lastKnownFileType = sourcecode.swift; path = SceneDelegate.swift; sourceTree = "<group>"; };
		8264CBFD2891E2A400619938 /* ListPokemonViewController.swift */ = {isa = PBXFileReference; lastKnownFileType = sourcecode.swift; path = ListPokemonViewController.swift; sourceTree = "<group>"; };
		8264CC002891E2A400619938 /* Base */ = {isa = PBXFileReference; lastKnownFileType = file.storyboard; name = Base; path = Base.lproj/Main.storyboard; sourceTree = "<group>"; };
		8264CC022891E2A800619938 /* Assets.xcassets */ = {isa = PBXFileReference; lastKnownFileType = folder.assetcatalog; path = Assets.xcassets; sourceTree = "<group>"; };
		8264CC052891E2A800619938 /* Base */ = {isa = PBXFileReference; lastKnownFileType = file.storyboard; name = Base; path = Base.lproj/LaunchScreen.storyboard; sourceTree = "<group>"; };
		8264CC072891E2A800619938 /* Info.plist */ = {isa = PBXFileReference; lastKnownFileType = text.plist.xml; path = Info.plist; sourceTree = "<group>"; };
		8264CC0E2891E7CF00619938 /* UITableView+Extension.swift */ = {isa = PBXFileReference; lastKnownFileType = sourcecode.swift; path = "UITableView+Extension.swift"; sourceTree = "<group>"; };
		82818B9C28940C5F004F6137 /* DetallesPokemonViewController.swift */ = {isa = PBXFileReference; lastKnownFileType = sourcecode.swift; path = DetallesPokemonViewController.swift; sourceTree = "<group>"; };
		82818B9D28940C5F004F6137 /* DetallesPokemonViewController.xib */ = {isa = PBXFileReference; lastKnownFileType = file.xib; path = DetallesPokemonViewController.xib; sourceTree = "<group>"; };
		82818BA02894277D004F6137 /* searchBar+Extension.swift */ = {isa = PBXFileReference; lastKnownFileType = sourcecode.swift; path = "searchBar+Extension.swift"; sourceTree = "<group>"; };
/* End PBXFileReference section */

/* Begin PBXFrameworksBuildPhase section */
		8264CBF32891E2A400619938 /* Frameworks */ = {
			isa = PBXFrameworksBuildPhase;
			buildActionMask = 2147483647;
			files = (
			);
			runOnlyForDeploymentPostprocessing = 0;
		};
/* End PBXFrameworksBuildPhase section */

/* Begin PBXGroup section */
		823A2CF42892B43800A51DF2 /* Networking */ = {
			isa = PBXGroup;
			children = (
				823A2CF52892B44900A51DF2 /* APIManager.swift */,
			);
			path = Networking;
			sourceTree = "<group>";
		};
		823A2CF72892B73500A51DF2 /* Model */ = {
			isa = PBXGroup;
			children = (
				823A2CF82892B76200A51DF2 /* DatosPokemon.swift */,
			);
			path = Model;
			sourceTree = "<group>";
		};
		823A2CFE2892CA6800A51DF2 /* Cell */ = {
			isa = PBXGroup;
			children = (
				823A2CFF2892CA8B00A51DF2 /* CeldaPokemonTableViewCell.swift */,
				823A2D002892CA8B00A51DF2 /* CeldaPokemonTableViewCell.xib */,
			);
			path = Cell;
			sourceTree = "<group>";
		};
		8264CBED2891E2A400619938 = {
			isa = PBXGroup;
			children = (
				8264CBF82891E2A400619938 /* Pokedex */,
				8264CBF72891E2A400619938 /* Products */,
			);
			sourceTree = "<group>";
		};
		8264CBF72891E2A400619938 /* Products */ = {
			isa = PBXGroup;
			children = (
				8264CBF62891E2A400619938 /* Pokedex.app */,
			);
			name = Products;
			sourceTree = "<group>";
		};
		8264CBF82891E2A400619938 /* Pokedex */ = {
			isa = PBXGroup;
			children = (
				82818B9B28940C2D004F6137 /* Views */,
				823A2CF72892B73500A51DF2 /* Model */,
				823A2CF42892B43800A51DF2 /* Networking */,
				8264CC0D2891E79A00619938 /* Extensions */,
				8264CBF92891E2A400619938 /* AppDelegate.swift */,
				8264CBFB2891E2A400619938 /* SceneDelegate.swift */,
				8264CBFF2891E2A400619938 /* Main.storyboard */,
				8264CC022891E2A800619938 /* Assets.xcassets */,
				8264CC042891E2A800619938 /* LaunchScreen.storyboard */,
				8264CC072891E2A800619938 /* Info.plist */,
			);
			path = Pokedex;
			sourceTree = "<group>";
		};
		8264CC0D2891E79A00619938 /* Extensions */ = {
			isa = PBXGroup;
			children = (
				8264CC0E2891E7CF00619938 /* UITableView+Extension.swift */,
				82818BA02894277D004F6137 /* searchBar+Extension.swift */,
			);
			path = Extensions;
			sourceTree = "<group>";
		};
		82818B9B28940C2D004F6137 /* Views */ = {
			isa = PBXGroup;
			children = (
				823A2CFE2892CA6800A51DF2 /* Cell */,
				82818B9C28940C5F004F6137 /* DetallesPokemonViewController.swift */,
				82818B9D28940C5F004F6137 /* DetallesPokemonViewController.xib */,
				8264CBFD2891E2A400619938 /* ListPokemonViewController.swift */,
			);
			path = Views;
			sourceTree = "<group>";
		};
/* End PBXGroup section */

/* Begin PBXNativeTarget section */
		8264CBF52891E2A400619938 /* Pokedex */ = {
			isa = PBXNativeTarget;
			buildConfigurationList = 8264CC0A2891E2A800619938 /* Build configuration list for PBXNativeTarget "Pokedex" */;
			buildPhases = (
				8264CBF22891E2A400619938 /* Sources */,
				8264CBF32891E2A400619938 /* Frameworks */,
				8264CBF42891E2A400619938 /* Resources */,
			);
			buildRules = (
			);
			dependencies = (
			);
			name = Pokedex;
			productName = Pokedex;
			productReference = 8264CBF62891E2A400619938 /* Pokedex.app */;
			productType = "com.apple.product-type.application";
		};
/* End PBXNativeTarget section */

/* Begin PBXProject section */
		8264CBEE2891E2A400619938 /* Project object */ = {
			isa = PBXProject;
			attributes = {
				BuildIndependentTargetsInParallel = 1;
				LastSwiftUpdateCheck = 1340;
				LastUpgradeCheck = 1340;
				TargetAttributes = {
					8264CBF52891E2A400619938 = {
						CreatedOnToolsVersion = 13.4.1;
					};
				};
			};
			buildConfigurationList = 8264CBF12891E2A400619938 /* Build configuration list for PBXProject "Pokedex" */;
			compatibilityVersion = "Xcode 13.0";
			developmentRegion = en;
			hasScannedForEncodings = 0;
			knownRegions = (
				en,
				Base,
			);
			mainGroup = 8264CBED2891E2A400619938;
			productRefGroup = 8264CBF72891E2A400619938 /* Products */;
			projectDirPath = "";
			projectRoot = "";
			targets = (
				8264CBF52891E2A400619938 /* Pokedex */,
			);
		};
/* End PBXProject section */

/* Begin PBXResourcesBuildPhase section */
		8264CBF42891E2A400619938 /* Resources */ = {
			isa = PBXResourcesBuildPhase;
			buildActionMask = 2147483647;
			files = (
				8264CC062891E2A800619938 /* LaunchScreen.storyboard in Resources */,
				8264CC032891E2A800619938 /* Assets.xcassets in Resources */,
				8264CC012891E2A400619938 /* Main.storyboard in Resources */,
				823A2D022892CA8B00A51DF2 /* CeldaPokemonTableViewCell.xib in Resources */,
				82818B9F28940C60004F6137 /* DetallesPokemonViewController.xib in Resources */,
			);
			runOnlyForDeploymentPostprocessing = 0;
		};
/* End PBXResourcesBuildPhase section */

/* Begin PBXSourcesBuildPhase section */
		8264CBF22891E2A400619938 /* Sources */ = {
			isa = PBXSourcesBuildPhase;
			buildActionMask = 2147483647;
			files = (
				823A2D012892CA8B00A51DF2 /* CeldaPokemonTableViewCell.swift in Sources */,
				8264CBFE2891E2A400619938 /* ListPokemonViewController.swift in Sources */,
				8264CBFA2891E2A400619938 /* AppDelegate.swift in Sources */,
				82818B9E28940C60004F6137 /* DetallesPokemonViewController.swift in Sources */,
				823A2CF62892B44900A51DF2 /* APIManager.swift in Sources */,
				8264CBFC2891E2A400619938 /* SceneDelegate.swift in Sources */,
				8264CC0F2891E7CF00619938 /* UITableView+Extension.swift in Sources */,
				823A2CF92892B76200A51DF2 /* DatosPokemon.swift in Sources */,
				82818BA12894277D004F6137 /* searchBar+Extension.swift in Sources */,
			);
			runOnlyForDeploymentPostprocessing = 0;
		};
/* End PBXSourcesBuildPhase section */

/* Begin PBXVariantGroup section */
		8264CBFF2891E2A400619938 /* Main.storyboard */ = {
			isa = PBXVariantGroup;
			children = (
				8264CC002891E2A400619938 /* Base */,
			);
			name = Main.storyboard;
			sourceTree = "<group>";
		};
		8264CC042891E2A800619938 /* LaunchScreen.storyboard */ = {
			isa = PBXVariantGroup;
			children = (
				8264CC052891E2A800619938 /* Base */,
			);
			name = LaunchScreen.storyboard;
			sourceTree = "<group>";
		};
/* End PBXVariantGroup section */

/* Begin XCBuildConfiguration section */
		8264CC082891E2A800619938 /* Debug */ = {
			isa = XCBuildConfiguration;
			buildSettings = {
				ALWAYS_SEARCH_USER_PATHS = NO;
				CLANG_ANALYZER_NONNULL = YES;
				CLANG_ANALYZER_NUMBER_OBJECT_CONVERSION = YES_AGGRESSIVE;
				CLANG_CXX_LANGUAGE_STANDARD = "gnu++17";
				CLANG_ENABLE_MODULES = YES;
				CLANG_ENABLE_OBJC_ARC = YES;
				CLANG_ENABLE_OBJC_WEAK = YES;
				CLANG_WARN_BLOCK_CAPTURE_AUTORELEASING = YES;
				CLANG_WARN_BOOL_CONVERSION = YES;
				CLANG_WARN_COMMA = YES;
				CLANG_WARN_CONSTANT_CONVERSION = YES;
				CLANG_WARN_DEPRECATED_OBJC_IMPLEMENTATIONS = YES;
				CLANG_WARN_DIRECT_OBJC_ISA_USAGE = YES_ERROR;
				CLANG_WARN_DOCUMENTATION_COMMENTS = YES;
				CLANG_WARN_EMPTY_BODY = YES;
				CLANG_WARN_ENUM_CONVERSION = YES;
				CLANG_WARN_INFINITE_RECURSION = YES;
				CLANG_WARN_INT_CONVERSION = YES;
				CLANG_WARN_NON_LITERAL_NULL_CONVERSION = YES;
				CLANG_WARN_OBJC_IMPLICIT_RETAIN_SELF = YES;
				CLANG_WARN_OBJC_LITERAL_CONVERSION = YES;
				CLANG_WARN_OBJC_ROOT_CLASS = YES_ERROR;
				CLANG_WARN_QUOTED_INCLUDE_IN_FRAMEWORK_HEADER = YES;
				CLANG_WARN_RANGE_LOOP_ANALYSIS = YES;
				CLANG_WARN_STRICT_PROTOTYPES = YES;
				CLANG_WARN_SUSPICIOUS_MOVE = YES;
				CLANG_WARN_UNGUARDED_AVAILABILITY = YES_AGGRESSIVE;
				CLANG_WARN_UNREACHABLE_CODE = YES;
				CLANG_WARN__DUPLICATE_METHOD_MATCH = YES;
				COPY_PHASE_STRIP = NO;
				DEBUG_INFORMATION_FORMAT = dwarf;
				ENABLE_STRICT_OBJC_MSGSEND = YES;
				ENABLE_TESTABILITY = YES;
				GCC_C_LANGUAGE_STANDARD = gnu11;
				GCC_DYNAMIC_NO_PIC = NO;
				GCC_NO_COMMON_BLOCKS = YES;
				GCC_OPTIMIZATION_LEVEL = 0;
				GCC_PREPROCESSOR_DEFINITIONS = (
					"DEBUG=1",
					"$(inherited)",
				);
				GCC_WARN_64_TO_32_BIT_CONVERSION = YES;
				GCC_WARN_ABOUT_RETURN_TYPE = YES_ERROR;
				GCC_WARN_UNDECLARED_SELECTOR = YES;
				GCC_WARN_UNINITIALIZED_AUTOS = YES_AGGRESSIVE;
				GCC_WARN_UNUSED_FUNCTION = YES;
				GCC_WARN_UNUSED_VARIABLE = YES;
				IPHONEOS_DEPLOYMENT_TARGET = 15.5;
				MTL_ENABLE_DEBUG_INFO = INCLUDE_SOURCE;
				MTL_FAST_MATH = YES;
				ONLY_ACTIVE_ARCH = YES;
				SDKROOT = iphoneos;
				SWIFT_ACTIVE_COMPILATION_CONDITIONS = DEBUG;
				SWIFT_OPTIMIZATION_LEVEL = "-Onone";
			};
			name = Debug;
		};
		8264CC092891E2A800619938 /* Release */ = {
			isa = XCBuildConfiguration;
			buildSettings = {
				ALWAYS_SEARCH_USER_PATHS = NO;
				CLANG_ANALYZER_NONNULL = YES;
				CLANG_ANALYZER_NUMBER_OBJECT_CONVERSION = YES_AGGRESSIVE;
				CLANG_CXX_LANGUAGE_STANDARD = "gnu++17";
				CLANG_ENABLE_MODULES = YES;
				CLANG_ENABLE_OBJC_ARC = YES;
				CLANG_ENABLE_OBJC_WEAK = YES;
				CLANG_WARN_BLOCK_CAPTURE_AUTORELEASING = YES;
				CLANG_WARN_BOOL_CONVERSION = YES;
				CLANG_WARN_COMMA = YES;
				CLANG_WARN_CONSTANT_CONVERSION = YES;
				CLANG_WARN_DEPRECATED_OBJC_IMPLEMENTATIONS = YES;
				CLANG_WARN_DIRECT_OBJC_ISA_USAGE = YES_ERROR;
				CLANG_WARN_DOCUMENTATION_COMMENTS = YES;
				CLANG_WARN_EMPTY_BODY = YES;
				CLANG_WARN_ENUM_CONVERSION = YES;
				CLANG_WARN_INFINITE_RECURSION = YES;
				CLANG_WARN_INT_CONVERSION = YES;
				CLANG_WARN_NON_LITERAL_NULL_CONVERSION = YES;
				CLANG_WARN_OBJC_IMPLICIT_RETAIN_SELF = YES;
				CLANG_WARN_OBJC_LITERAL_CONVERSION = YES;
				CLANG_WARN_OBJC_ROOT_CLASS = YES_ERROR;
				CLANG_WARN_QUOTED_INCLUDE_IN_FRAMEWORK_HEADER = YES;
				CLANG_WARN_RANGE_LOOP_ANALYSIS = YES;
				CLANG_WARN_STRICT_PROTOTYPES = YES;
				CLANG_WARN_SUSPICIOUS_MOVE = YES;
				CLANG_WARN_UNGUARDED_AVAILABILITY = YES_AGGRESSIVE;
				CLANG_WARN_UNREACHABLE_CODE = YES;
				CLANG_WARN__DUPLICATE_METHOD_MATCH = YES;
				COPY_PHASE_STRIP = NO;
				DEBUG_INFORMATION_FORMAT = "dwarf-with-dsym";
				ENABLE_NS_ASSERTIONS = NO;
				ENABLE_STRICT_OBJC_MSGSEND = YES;
				GCC_C_LANGUAGE_STANDARD = gnu11;
				GCC_NO_COMMON_BLOCKS = YES;
				GCC_WARN_64_TO_32_BIT_CONVERSION = YES;
				GCC_WARN_ABOUT_RETURN_TYPE = YES_ERROR;
				GCC_WARN_UNDECLARED_SELECTOR = YES;
				GCC_WARN_UNINITIALIZED_AUTOS = YES_AGGRESSIVE;
				GCC_WARN_UNUSED_FUNCTION = YES;
				GCC_WARN_UNUSED_VARIABLE = YES;
				IPHONEOS_DEPLOYMENT_TARGET = 15.5;
				MTL_ENABLE_DEBUG_INFO = NO;
				MTL_FAST_MATH = YES;
				SDKROOT = iphoneos;
				SWIFT_COMPILATION_MODE = wholemodule;
				SWIFT_OPTIMIZATION_LEVEL = "-O";
				VALIDATE_PRODUCT = YES;
			};
			name = Release;
		};
		8264CC0B2891E2A800619938 /* Debug */ = {
			isa = XCBuildConfiguration;
			buildSettings = {
				ASSETCATALOG_COMPILER_APPICON_NAME = AppIcon;
				ASSETCATALOG_COMPILER_GLOBAL_ACCENT_COLOR_NAME = AccentColor;
				CODE_SIGN_STYLE = Automatic;
				CURRENT_PROJECT_VERSION = 1;
				DEVELOPMENT_TEAM = AHB3RD5RD3;
				GENERATE_INFOPLIST_FILE = YES;
				INFOPLIST_FILE = Pokedex/Info.plist;
				INFOPLIST_KEY_UIApplicationSupportsIndirectInputEvents = YES;
				INFOPLIST_KEY_UILaunchStoryboardName = LaunchScreen;
				INFOPLIST_KEY_UIMainStoryboardFile = Main;
				INFOPLIST_KEY_UISupportedInterfaceOrientations_iPad = "UIInterfaceOrientationPortrait UIInterfaceOrientationPortraitUpsideDown UIInterfaceOrientationLandscapeLeft UIInterfaceOrientationLandscapeRight";
				INFOPLIST_KEY_UISupportedInterfaceOrientations_iPhone = "UIInterfaceOrientationPortrait UIInterfaceOrientationLandscapeLeft UIInterfaceOrientationLandscapeRight";
				LD_RUNPATH_SEARCH_PATHS = (
					"$(inherited)",
					"@executable_path/Frameworks",
				);
				MARKETING_VERSION = 1.0;
				PRODUCT_BUNDLE_IDENTIFIER = jmalefranch.Pokedex;
				PRODUCT_NAME = "$(TARGET_NAME)";
				SWIFT_EMIT_LOC_STRINGS = YES;
				SWIFT_VERSION = 5.0;
				TARGETED_DEVICE_FAMILY = "1,2";
			};
			name = Debug;
		};
		8264CC0C2891E2A800619938 /* Release */ = {
			isa = XCBuildConfiguration;
			buildSettings = {
				ASSETCATALOG_COMPILER_APPICON_NAME = AppIcon;
				ASSETCATALOG_COMPILER_GLOBAL_ACCENT_COLOR_NAME = AccentColor;
				CODE_SIGN_STYLE = Automatic;
				CURRENT_PROJECT_VERSION = 1;
				DEVELOPMENT_TEAM = AHB3RD5RD3;
				GENERATE_INFOPLIST_FILE = YES;
				INFOPLIST_FILE = Pokedex/Info.plist;
				INFOPLIST_KEY_UIApplicationSupportsIndirectInputEvents = YES;
				INFOPLIST_KEY_UILaunchStoryboardName = LaunchScreen;
				INFOPLIST_KEY_UIMainStoryboardFile = Main;
				INFOPLIST_KEY_UISupportedInterfaceOrientations_iPad = "UIInterfaceOrientationPortrait UIInterfaceOrientationPortraitUpsideDown UIInterfaceOrientationLandscapeLeft UIInterfaceOrientationLandscapeRight";
				INFOPLIST_KEY_UISupportedInterfaceOrientations_iPhone = "UIInterfaceOrientationPortrait UIInterfaceOrientationLandscapeLeft UIInterfaceOrientationLandscapeRight";
				LD_RUNPATH_SEARCH_PATHS = (
					"$(inherited)",
					"@executable_path/Frameworks",
				);
				MARKETING_VERSION = 1.0;
				PRODUCT_BUNDLE_IDENTIFIER = jmalefranch.Pokedex;
				PRODUCT_NAME = "$(TARGET_NAME)";
				SWIFT_EMIT_LOC_STRINGS = YES;
				SWIFT_VERSION = 5.0;
				TARGETED_DEVICE_FAMILY = "1,2";
			};
			name = Release;
		};
/* End XCBuildConfiguration section */

/* Begin XCConfigurationList section */
		8264CBF12891E2A400619938 /* Build configuration list for PBXProject "Pokedex" */ = {
			isa = XCConfigurationList;
			buildConfigurations = (
				8264CC082891E2A800619938 /* Debug */,
				8264CC092891E2A800619938 /* Release */,
			);
			defaultConfigurationIsVisible = 0;
			defaultConfigurationName = Release;
		};
		8264CC0A2891E2A800619938 /* Build configuration list for PBXNativeTarget "Pokedex" */ = {
			isa = XCConfigurationList;
			buildConfigurations = (
				8264CC0B2891E2A800619938 /* Debug */,
				8264CC0C2891E2A800619938 /* Release */,
			);
			defaultConfigurationIsVisible = 0;
			defaultConfigurationName = Release;
		};
/* End XCConfigurationList section */
	};
	rootObject = 8264CBEE2891E2A400619938 /* Project object */;
}
